
Microsoft Visual Studio Solution File, Format Version 12.00
# Visual Studio Version 16
VisualStudioVersion = 16.0.34729.46
MinimumVisualStudioVersion = 10.0.40219.1
Project("{FAE04EC0-301F-11D3-BF4B-00C04F79EFBC}") = "B2B", "B2B\B2B.csproj", "{AAB3B1EE-8EAD-4FAD-A804-579437A7476F}"
EndProject
Global
	GlobalSection(SolutionConfigurationPlatforms) = preSolution
		Debug|Any CPU = Debug|Any CPU
		Release|Any CPU = Release|Any CPU
	EndGlobalSection
	GlobalSection(ProjectConfigurationPlatforms) = postSolution
		{AAB3B1EE-8EAD-4FAD-A804-579437A7476F}.Debug|Any CPU.ActiveCfg = Debug|Any CPU
		{AAB3B1EE-8EAD-4FAD-A804-579437A7476F}.Debug|Any CPU.Build.0 = Debug|Any CPU
		{AAB3B1EE-8EAD-4FAD-A804-579437A7476F}.Release|Any CPU.ActiveCfg = Release|Any CPU
		{AAB3B1EE-8EAD-4FAD-A804-579437A7476F}.Release|Any CPU.Build.0 = Release|Any CPU
	EndGlobalSection
	GlobalSection(SolutionProperties) = preSolution
		HideSolutionNode = FALSE
	EndGlobalSection
	GlobalSection(ExtensibilityGlobals) = postSolution
		SolutionGuid = {164E5F5D-188D-490F-8663-149DD3365FEC}
	EndGlobalSection
EndGlobal
